
Microsoft Visual Studio Solution File, Format Version 12.00
# Visual Studio Version 16
VisualStudioVersion = 16.0.30114.105
MinimumVisualStudioVersion = 10.0.40219.1
Project("{2150E333-8FDC-42A3-9474-1A3956D46DE8}") = "Api", "Api", "{4E03D4BA-D201-493C-BF0E-114163E24FB8}"
EndProject
Project("{2150E333-8FDC-42A3-9474-1A3956D46DE8}") = "Services", "Services", "{70152525-D49C-4FE3-A036-C5841C8CD717}"
EndProject
Project("{2150E333-8FDC-42A3-9474-1A3956D46DE8}") = "DataRepository", "DataRepository", "{98200944-6ADB-4675-81A1-EB5FCB3F0709}"
EndProject
Project("{2150E333-8FDC-42A3-9474-1A3956D46DE8}") = "Tests", "Tests", "{78378DBE-6BC6-453E-BECC-9F505B657532}"
EndProject
Project("{2150E333-8FDC-42A3-9474-1A3956D46DE8}") = "UnitTests", "UnitTests", "{7E0CA404-03E2-461D-B10F-86A77DC49B6B}"
EndProject
Project("{9A19103F-16F7-4668-BE54-9A1E7A4F7556}") = "BookStoreApi", "BookStoreApi\BookStoreApi.csproj", "{9A32B015-F579-4FFE-9D4D-8CBBF11DE268}"
EndProject
Project("{2150E333-8FDC-42A3-9474-1A3956D46DE8}") = "ServiceContract", "ServiceContract", "{0A74DE39-83AC-4DC2-B96C-2546FE39378A}"
EndProject
Project("{2150E333-8FDC-42A3-9474-1A3956D46DE8}") = "Implementation", "Implementation", "{CFD8BB42-BD7A-4097-875F-384991A7F9B2}"
EndProject
Project("{2150E333-8FDC-42A3-9474-1A3956D46DE8}") = "V1", "V1", "{340C9648-15E1-47D4-A033-027D969537D0}"
EndProject
Project("{2150E333-8FDC-42A3-9474-1A3956D46DE8}") = "DataContract", "DataContract", "{467F9871-79C8-4DB7-8B07-DF445B627F74}"
EndProject
Project("{2150E333-8FDC-42A3-9474-1A3956D46DE8}") = "DataProvider", "DataProvider", "{5486E95B-DE02-415E-961D-9670AD360DD7}"
EndProject
Project("{2150E333-8FDC-42A3-9474-1A3956D46DE8}") = "V1", "V1", "{5778FC91-B667-4421-BA8A-89C0996BFDBE}"
EndProject
Project("{2150E333-8FDC-42A3-9474-1A3956D46DE8}") = "WebApplication", "WebApplication", "{CBB1F04C-5C47-4ED2-97C3-3BAA6DDD73D4}"
EndProject
Project("{9A19103F-16F7-4668-BE54-9A1E7A4F7556}") = "BookStoreApp", "BookStoreApp\BookStoreApp.csproj", "{198CC774-0109-4A05-9BA9-4D6E82A1A343}"
EndProject
Project("{9A19103F-16F7-4668-BE54-9A1E7A4F7556}") = "UsersDataContract", "UsersDataContract\UsersDataContract.csproj", "{14CD4768-5766-4EDA-B0D4-D9DBA5244A5C}"
EndProject
Project("{9A19103F-16F7-4668-BE54-9A1E7A4F7556}") = "ProductsDataContract", "ProductsDataContract\ProductsDataContract.csproj", "{0EE7CCEA-8278-4777-A7BC-CBA3209040A3}"
EndProject
Project("{9A19103F-16F7-4668-BE54-9A1E7A4F7556}") = "ProductsDataProvider", "ProductsDataProvider\ProductsDataProvider.csproj", "{60580CF4-DD58-4531-B180-76B6A17BF685}"
EndProject
Project("{9A19103F-16F7-4668-BE54-9A1E7A4F7556}") = "UsersDataProvider", "UsersDataProvider\UsersDataProvider.csproj", "{29ECF588-B1A4-47AD-AE0B-377C0073CB49}"
EndProject
Project("{9A19103F-16F7-4668-BE54-9A1E7A4F7556}") = "ServiceTests", "ServiceTests\ServiceTests.csproj", "{05B4E983-9079-4808-A203-98623A19AC43}"
EndProject
Project("{9A19103F-16F7-4668-BE54-9A1E7A4F7556}") = "UsersServiceContract", "UsersServiceContract\UsersServiceContract.csproj", "{65623C1D-89BD-43C3-AFCF-ECB708A88841}"
EndProject
Project("{9A19103F-16F7-4668-BE54-9A1E7A4F7556}") = "ProductsServiceContract", "ProductsServiceContract\ProductsServiceContract.csproj", "{0128CA1F-2829-44C0-BB22-ACC28C4BED22}"
EndProject
Project("{9A19103F-16F7-4668-BE54-9A1E7A4F7556}") = "ProductsServiceCore", "ProductsServiceCore\ProductsServiceCore.csproj", "{1E356180-6B18-4ADA-9AF4-82968601ECE6}"
EndProject
Project("{9A19103F-16F7-4668-BE54-9A1E7A4F7556}") = "UsersServiceCore", "UsersServiceCore\UsersServiceCore.csproj", "{56729155-C449-48C7-81D0-94BB402F6F4D}"
EndProject
Project("{2150E333-8FDC-42A3-9474-1A3956D46DE8}") = "DomainEntities", "DomainEntities", "{2DFF4ED4-FD28-412F-9F11-36C62C7AD5CB}"
EndProject
Project("{9A19103F-16F7-4668-BE54-9A1E7A4F7556}") = "Models", "Models\Models.csproj", "{9D51AB1B-3251-4039-99FB-A8172F0E156F}"
EndProject
Project("{2150E333-8FDC-42A3-9474-1A3956D46DE8}") = "ExternalServices", "ExternalServices", "{52FFA9FD-F3D3-465E-9F46-7ED203161C94}"
EndProject
Project("{2150E333-8FDC-42A3-9474-1A3956D46DE8}") = "ProviderContract", "ProviderContract", "{8492F78B-DDF9-437C-9040-D5359DAD9981}"
EndProject
Project("{2150E333-8FDC-42A3-9474-1A3956D46DE8}") = "Implementation", "Implementation", "{155E9BF6-8D74-40A1-A0D5-0585A66CAB9D}"
EndProject
Project("{2150E333-8FDC-42A3-9474-1A3956D46DE8}") = "V1", "V1", "{813A9DD4-1E55-4C59-A3BE-60168EF85F0C}"
EndProject
Project("{9A19103F-16F7-4668-BE54-9A1E7A4F7556}") = "PaymentProviderContract", "PaymentProviderContract\PaymentProviderContract.csproj", "{3A456CB3-13D4-44F3-9BA7-78BCE69E77F8}"
EndProject
Project("{9A19103F-16F7-4668-BE54-9A1E7A4F7556}") = "DefaultPaymentProvider", "DefaultPaymentProvider\DefaultPaymentProvider.csproj", "{200FBCD0-7D6C-4CD2-A35D-B1AAC380602B}"
EndProject
Project("{2150E333-8FDC-42A3-9474-1A3956D46DE8}") = "Entities", "Entities", "{41C8915C-9D85-41D6-B7BC-052916749412}"
EndProject
Global
	GlobalSection(SolutionConfigurationPlatforms) = preSolution
		Debug|Any CPU = Debug|Any CPU
		Release|Any CPU = Release|Any CPU
	EndGlobalSection
	GlobalSection(ProjectConfigurationPlatforms) = postSolution
		{9A32B015-F579-4FFE-9D4D-8CBBF11DE268}.Debug|Any CPU.ActiveCfg = Debug|Any CPU
		{9A32B015-F579-4FFE-9D4D-8CBBF11DE268}.Debug|Any CPU.Build.0 = Debug|Any CPU
		{9A32B015-F579-4FFE-9D4D-8CBBF11DE268}.Release|Any CPU.ActiveCfg = Release|Any CPU
		{9A32B015-F579-4FFE-9D4D-8CBBF11DE268}.Release|Any CPU.Build.0 = Release|Any CPU
		{198CC774-0109-4A05-9BA9-4D6E82A1A343}.Debug|Any CPU.ActiveCfg = Debug|Any CPU
		{198CC774-0109-4A05-9BA9-4D6E82A1A343}.Debug|Any CPU.Build.0 = Debug|Any CPU
		{198CC774-0109-4A05-9BA9-4D6E82A1A343}.Release|Any CPU.ActiveCfg = Release|Any CPU
		{198CC774-0109-4A05-9BA9-4D6E82A1A343}.Release|Any CPU.Build.0 = Release|Any CPU
		{14CD4768-5766-4EDA-B0D4-D9DBA5244A5C}.Debug|Any CPU.ActiveCfg = Debug|Any CPU
		{14CD4768-5766-4EDA-B0D4-D9DBA5244A5C}.Debug|Any CPU.Build.0 = Debug|Any CPU
		{14CD4768-5766-4EDA-B0D4-D9DBA5244A5C}.Release|Any CPU.ActiveCfg = Release|Any CPU
		{14CD4768-5766-4EDA-B0D4-D9DBA5244A5C}.Release|Any CPU.Build.0 = Release|Any CPU
		{0EE7CCEA-8278-4777-A7BC-CBA3209040A3}.Debug|Any CPU.ActiveCfg = Debug|Any CPU
		{0EE7CCEA-8278-4777-A7BC-CBA3209040A3}.Debug|Any CPU.Build.0 = Debug|Any CPU
		{0EE7CCEA-8278-4777-A7BC-CBA3209040A3}.Release|Any CPU.ActiveCfg = Release|Any CPU
		{0EE7CCEA-8278-4777-A7BC-CBA3209040A3}.Release|Any CPU.Build.0 = Release|Any CPU
		{60580CF4-DD58-4531-B180-76B6A17BF685}.Debug|Any CPU.ActiveCfg = Debug|Any CPU
		{60580CF4-DD58-4531-B180-76B6A17BF685}.Debug|Any CPU.Build.0 = Debug|Any CPU
		{60580CF4-DD58-4531-B180-76B6A17BF685}.Release|Any CPU.ActiveCfg = Release|Any CPU
		{60580CF4-DD58-4531-B180-76B6A17BF685}.Release|Any CPU.Build.0 = Release|Any CPU
		{29ECF588-B1A4-47AD-AE0B-377C0073CB49}.Debug|Any CPU.ActiveCfg = Debug|Any CPU
		{29ECF588-B1A4-47AD-AE0B-377C0073CB49}.Debug|Any CPU.Build.0 = Debug|Any CPU
		{29ECF588-B1A4-47AD-AE0B-377C0073CB49}.Release|Any CPU.ActiveCfg = Release|Any CPU
		{29ECF588-B1A4-47AD-AE0B-377C0073CB49}.Release|Any CPU.Build.0 = Release|Any CPU
		{05B4E983-9079-4808-A203-98623A19AC43}.Debug|Any CPU.ActiveCfg = Debug|Any CPU
		{05B4E983-9079-4808-A203-98623A19AC43}.Debug|Any CPU.Build.0 = Debug|Any CPU
		{05B4E983-9079-4808-A203-98623A19AC43}.Release|Any CPU.ActiveCfg = Release|Any CPU
		{05B4E983-9079-4808-A203-98623A19AC43}.Release|Any CPU.Build.0 = Release|Any CPU
		{65623C1D-89BD-43C3-AFCF-ECB708A88841}.Debug|Any CPU.ActiveCfg = Debug|Any CPU
		{65623C1D-89BD-43C3-AFCF-ECB708A88841}.Debug|Any CPU.Build.0 = Debug|Any CPU
		{65623C1D-89BD-43C3-AFCF-ECB708A88841}.Release|Any CPU.ActiveCfg = Release|Any CPU
		{65623C1D-89BD-43C3-AFCF-ECB708A88841}.Release|Any CPU.Build.0 = Release|Any CPU
		{0128CA1F-2829-44C0-BB22-ACC28C4BED22}.Debug|Any CPU.ActiveCfg = Debug|Any CPU
		{0128CA1F-2829-44C0-BB22-ACC28C4BED22}.Debug|Any CPU.Build.0 = Debug|Any CPU
		{0128CA1F-2829-44C0-BB22-ACC28C4BED22}.Release|Any CPU.ActiveCfg = Release|Any CPU
		{0128CA1F-2829-44C0-BB22-ACC28C4BED22}.Release|Any CPU.Build.0 = Release|Any CPU
		{1E356180-6B18-4ADA-9AF4-82968601ECE6}.Debug|Any CPU.ActiveCfg = Debug|Any CPU
		{1E356180-6B18-4ADA-9AF4-82968601ECE6}.Debug|Any CPU.Build.0 = Debug|Any CPU
		{1E356180-6B18-4ADA-9AF4-82968601ECE6}.Release|Any CPU.ActiveCfg = Release|Any CPU
		{1E356180-6B18-4ADA-9AF4-82968601ECE6}.Release|Any CPU.Build.0 = Release|Any CPU
		{56729155-C449-48C7-81D0-94BB402F6F4D}.Debug|Any CPU.ActiveCfg = Debug|Any CPU
		{56729155-C449-48C7-81D0-94BB402F6F4D}.Debug|Any CPU.Build.0 = Debug|Any CPU
		{56729155-C449-48C7-81D0-94BB402F6F4D}.Release|Any CPU.ActiveCfg = Release|Any CPU
		{56729155-C449-48C7-81D0-94BB402F6F4D}.Release|Any CPU.Build.0 = Release|Any CPU
		{9D51AB1B-3251-4039-99FB-A8172F0E156F}.Debug|Any CPU.ActiveCfg = Debug|Any CPU
		{9D51AB1B-3251-4039-99FB-A8172F0E156F}.Debug|Any CPU.Build.0 = Debug|Any CPU
		{9D51AB1B-3251-4039-99FB-A8172F0E156F}.Release|Any CPU.ActiveCfg = Release|Any CPU
		{9D51AB1B-3251-4039-99FB-A8172F0E156F}.Release|Any CPU.Build.0 = Release|Any CPU
		{3A456CB3-13D4-44F3-9BA7-78BCE69E77F8}.Debug|Any CPU.ActiveCfg = Debug|Any CPU
		{3A456CB3-13D4-44F3-9BA7-78BCE69E77F8}.Debug|Any CPU.Build.0 = Debug|Any CPU
		{3A456CB3-13D4-44F3-9BA7-78BCE69E77F8}.Release|Any CPU.ActiveCfg = Release|Any CPU
		{3A456CB3-13D4-44F3-9BA7-78BCE69E77F8}.Release|Any CPU.Build.0 = Release|Any CPU
		{200FBCD0-7D6C-4CD2-A35D-B1AAC380602B}.Debug|Any CPU.ActiveCfg = Debug|Any CPU
		{200FBCD0-7D6C-4CD2-A35D-B1AAC380602B}.Debug|Any CPU.Build.0 = Debug|Any CPU
		{200FBCD0-7D6C-4CD2-A35D-B1AAC380602B}.Release|Any CPU.ActiveCfg = Release|Any CPU
		{200FBCD0-7D6C-4CD2-A35D-B1AAC380602B}.Release|Any CPU.Build.0 = Release|Any CPU
	EndGlobalSection
	GlobalSection(SolutionProperties) = preSolution
		HideSolutionNode = FALSE
	EndGlobalSection
	GlobalSection(NestedProjects) = preSolution
		{7E0CA404-03E2-461D-B10F-86A77DC49B6B} = {78378DBE-6BC6-453E-BECC-9F505B657532}
		{9A32B015-F579-4FFE-9D4D-8CBBF11DE268} = {4E03D4BA-D201-493C-BF0E-114163E24FB8}
		{0A74DE39-83AC-4DC2-B96C-2546FE39378A} = {70152525-D49C-4FE3-A036-C5841C8CD717}
		{CFD8BB42-BD7A-4097-875F-384991A7F9B2} = {70152525-D49C-4FE3-A036-C5841C8CD717}
		{340C9648-15E1-47D4-A033-027D969537D0} = {CFD8BB42-BD7A-4097-875F-384991A7F9B2}
		{467F9871-79C8-4DB7-8B07-DF445B627F74} = {98200944-6ADB-4675-81A1-EB5FCB3F0709}
		{5486E95B-DE02-415E-961D-9670AD360DD7} = {98200944-6ADB-4675-81A1-EB5FCB3F0709}
		{5778FC91-B667-4421-BA8A-89C0996BFDBE} = {5486E95B-DE02-415E-961D-9670AD360DD7}
		{198CC774-0109-4A05-9BA9-4D6E82A1A343} = {CBB1F04C-5C47-4ED2-97C3-3BAA6DDD73D4}
		{14CD4768-5766-4EDA-B0D4-D9DBA5244A5C} = {467F9871-79C8-4DB7-8B07-DF445B627F74}
		{0EE7CCEA-8278-4777-A7BC-CBA3209040A3} = {467F9871-79C8-4DB7-8B07-DF445B627F74}
		{60580CF4-DD58-4531-B180-76B6A17BF685} = {5778FC91-B667-4421-BA8A-89C0996BFDBE}
		{29ECF588-B1A4-47AD-AE0B-377C0073CB49} = {5778FC91-B667-4421-BA8A-89C0996BFDBE}
		{05B4E983-9079-4808-A203-98623A19AC43} = {7E0CA404-03E2-461D-B10F-86A77DC49B6B}
		{65623C1D-89BD-43C3-AFCF-ECB708A88841} = {0A74DE39-83AC-4DC2-B96C-2546FE39378A}
		{0128CA1F-2829-44C0-BB22-ACC28C4BED22} = {0A74DE39-83AC-4DC2-B96C-2546FE39378A}
		{1E356180-6B18-4ADA-9AF4-82968601ECE6} = {340C9648-15E1-47D4-A033-027D969537D0}
		{56729155-C449-48C7-81D0-94BB402F6F4D} = {340C9648-15E1-47D4-A033-027D969537D0}
		{9D51AB1B-3251-4039-99FB-A8172F0E156F} = {2DFF4ED4-FD28-412F-9F11-36C62C7AD5CB}
		{8492F78B-DDF9-437C-9040-D5359DAD9981} = {52FFA9FD-F3D3-465E-9F46-7ED203161C94}
		{155E9BF6-8D74-40A1-A0D5-0585A66CAB9D} = {52FFA9FD-F3D3-465E-9F46-7ED203161C94}
		{813A9DD4-1E55-4C59-A3BE-60168EF85F0C} = {155E9BF6-8D74-40A1-A0D5-0585A66CAB9D}
		{3A456CB3-13D4-44F3-9BA7-78BCE69E77F8} = {8492F78B-DDF9-437C-9040-D5359DAD9981}
		{200FBCD0-7D6C-4CD2-A35D-B1AAC380602B} = {813A9DD4-1E55-4C59-A3BE-60168EF85F0C}
		{41C8915C-9D85-41D6-B7BC-052916749412} = {5486E95B-DE02-415E-961D-9670AD360DD7}
	EndGlobalSection
	GlobalSection(ExtensibilityGlobals) = postSolution
		SolutionGuid = {BCE0FB6C-1282-4B28-8B0C-FF046E35B75C}
	EndGlobalSection
EndGlobal
